// !$*UTF8*$!
{
	archiveVersion = 1;
	classes = {
	};
	objectVersion = 77;
	objects = {

/* Begin PBXBuildFile section */
		4C03B9AE2F1D658D006EDB06 /* WatchConnectivity.framework in Frameworks */ = {isa = PBXBuildFile; fileRef = 4C03B9AD2F1D658D006EDB06 /* WatchConnectivity.framework */; };
		4C03B9B02F1D65A7006EDB06 /* WatchConnectivity.framework in Frameworks */ = {isa = PBXBuildFile; fileRef = 4C03B9AF2F1D65A7006EDB06 /* WatchConnectivity.framework */; };
		4C74D6DD2F1CE4E7009A425D /* Kraftli Timers Watch App.app in Embed Watch Content */ = {isa = PBXBuildFile; fileRef = 4C74D6BD2F1CE4E6009A425D /* Kraftli Timers Watch App.app */; settings = {ATTRIBUTES = (RemoveHeadersOnCopy, ); }; };
/* End PBXBuildFile section */

/* Begin PBXContainerItemProxy section */
		4C33824E2EF2FA4800135BD7 /* PBXContainerItemProxy */ = {
			isa = PBXContainerItemProxy;
			containerPortal = 4C3382342EF2FA4700135BD7 /* Project object */;
			proxyType = 1;
			remoteGlobalIDString = 4C33823B2EF2FA4700135BD7;
			remoteInfo = "Kraftli Timers";
		};
		4C3382582EF2FA4800135BD7 /* PBXContainerItemProxy */ = {
			isa = PBXContainerItemProxy;
			containerPortal = 4C3382342EF2FA4700135BD7 /* Project object */;
			proxyType = 1;
			remoteGlobalIDString = 4C33823B2EF2FA4700135BD7;
			remoteInfo = "Kraftli Timers";
		};
		4C74D6CA2F1CE4E7009A425D /* PBXContainerItemProxy */ = {
			isa = PBXContainerItemProxy;
			containerPortal = 4C3382342EF2FA4700135BD7 /* Project object */;
			proxyType = 1;
			remoteGlobalIDString = 4C74D6BC2F1CE4E6009A425D;
			remoteInfo = "Kraftli Timers Watch Watch App";
		};
		4C74D6D42F1CE4E7009A425D /* PBXContainerItemProxy */ = {
			isa = PBXContainerItemProxy;
			containerPortal = 4C3382342EF2FA4700135BD7 /* Project object */;
			proxyType = 1;
			remoteGlobalIDString = 4C74D6BC2F1CE4E6009A425D;
			remoteInfo = "Kraftli Timers Watch Watch App";
		};
		4C74D6DB2F1CE4E7009A425D /* PBXContainerItemProxy */ = {
			isa = PBXContainerItemProxy;
			containerPortal = 4C3382342EF2FA4700135BD7 /* Project object */;
			proxyType = 1;
			remoteGlobalIDString = 4C74D6BC2F1CE4E6009A425D;
			remoteInfo = "Kraftli Timers Watch Watch App";
		};
/* End PBXContainerItemProxy section */

/* Begin PBXCopyFilesBuildPhase section */
		4C74D6DE2F1CE4E7009A425D /* Embed Watch Content */ = {
			isa = PBXCopyFilesBuildPhase;
			buildActionMask = 2147483647;
			dstPath = "$(CONTENTS_FOLDER_PATH)/Watch";
			dstSubfolderSpec = 16;
			files = (
				4C74D6DD2F1CE4E7009A425D /* Kraftli Timers Watch App.app in Embed Watch Content */,
			);
			name = "Embed Watch Content";
			runOnlyForDeploymentPostprocessing = 0;
		};
/* End PBXCopyFilesBuildPhase section */

/* Begin PBXFileReference section */
		4C03B9AD2F1D658D006EDB06 /* WatchConnectivity.framework */ = {isa = PBXFileReference; lastKnownFileType = wrapper.framework; name = WatchConnectivity.framework; path = Platforms/iPhoneOS.platform/Developer/SDKs/iPhoneOS26.2.sdk/System/Library/Frameworks/WatchConnectivity.framework; sourceTree = DEVELOPER_DIR; };
		4C03B9AF2F1D65A7006EDB06 /* WatchConnectivity.framework */ = {isa = PBXFileReference; lastKnownFileType = wrapper.framework; name = WatchConnectivity.framework; path = Platforms/WatchOS.platform/Developer/SDKs/WatchOS26.2.sdk/System/Library/Frameworks/WatchConnectivity.framework; sourceTree = DEVELOPER_DIR; };
		4C33823C2EF2FA4700135BD7 /* Kraftli Timers.app */ = {isa = PBXFileReference; explicitFileType = wrapper.application; includeInIndex = 0; path = "Kraftli Timers.app"; sourceTree = BUILT_PRODUCTS_DIR; };
		4C33824D2EF2FA4800135BD7 /* Kraftli TimersTests.xctest */ = {isa = PBXFileReference; explicitFileType = wrapper.cfbundle; includeInIndex = 0; path = "Kraftli TimersTests.xctest"; sourceTree = BUILT_PRODUCTS_DIR; };
		4C3382572EF2FA4800135BD7 /* Kraftli TimersUITests.xctest */ = {isa = PBXFileReference; explicitFileType = wrapper.cfbundle; includeInIndex = 0; path = "Kraftli TimersUITests.xctest"; sourceTree = BUILT_PRODUCTS_DIR; };
		4C74D6BD2F1CE4E6009A425D /* Kraftli Timers Watch App.app */ = {isa = PBXFileReference; explicitFileType = wrapper.application; includeInIndex = 0; path = "Kraftli Timers Watch App.app"; sourceTree = BUILT_PRODUCTS_DIR; };
		4C74D6C92F1CE4E7009A425D /* Kraftli Timers Watch AppTests.xctest */ = {isa = PBXFileReference; explicitFileType = wrapper.cfbundle; includeInIndex = 0; path = "Kraftli Timers Watch AppTests.xctest"; sourceTree = BUILT_PRODUCTS_DIR; };
		4C74D6D32F1CE4E7009A425D /* Kraftli Timers Watch AppUITests.xctest */ = {isa = PBXFileReference; explicitFileType = wrapper.cfbundle; includeInIndex = 0; path = "Kraftli Timers Watch AppUITests.xctest"; sourceTree = BUILT_PRODUCTS_DIR; };
		4CA514782EFD4F8200048217 /* CLAUDE.md */ = {isa = PBXFileReference; lastKnownFileType = net.daringfireball.markdown; path = CLAUDE.md; sourceTree = "<group>"; };
		4CDFEB8E2F1B734700782000 /* ACKNOWLEDGMENTS.md */ = {isa = PBXFileReference; lastKnownFileType = net.daringfireball.markdown; path = ACKNOWLEDGMENTS.md; sourceTree = "<group>"; };
		4CDFEB942F1B89F200782000 /* README.md */ = {isa = PBXFileReference; lastKnownFileType = net.daringfireball.markdown; path = README.md; sourceTree = "<group>"; };
/* End PBXFileReference section */

/* Begin PBXFileSystemSynchronizedBuildFileExceptionSet section */
		4C33825F2EF2FA4800135BD7 /* Exceptions for "Kraftli Timers" folder in "Kraftli Timers" target */ = {
			isa = PBXFileSystemSynchronizedBuildFileExceptionSet;
			membershipExceptions = (
				Info.plist,
			);
			target = 4C33823B2EF2FA4700135BD7 /* Kraftli Timers */;
		};
		4C74D6EE2F1CE676009A425D /* Exceptions for "Kraftli Timers" folder in "Kraftli Timers Watch App" target */ = {
			isa = PBXFileSystemSynchronizedBuildFileExceptionSet;
			membershipExceptions = (
				Components/ProgressRing.swift,
				Exercises.json,
				"Extensions/TimeInterval+Format.swift",
				Features/Timer/AMRAP/AMRAPTimerModel.swift,
				Features/Timer/EMOM/EMOMTimerModel.swift,
				Features/Timer/Shared/TimerCoordinator.swift,
				Features/Timer/Shared/UISeparator.swift,
				Features/Timer/Shared/WorkoutTimer.swift,
				"kraftli-icon-v1.icon",
				Models/Difficulty.swift,
				Models/Exercise.swift,
				Models/ExerciseInfo.swift,
				Models/MuscleGroup.swift,
				Models/TimerKind.swift,
				Models/TimerPreset.swift,
				Models/WorkoutLog.swift,
				Services/ExerciseLoader.swift,
				Services/ExerciseRepository.swift,
				Services/FeedbackProvider.swift,
				Services/FoundationTimerProvider.swift,
				Services/SilentFeedback.swift,
				Services/TimerProvider.swift,
				Services/WatchConnectivityService.swift,
				Services/WatchMessage.swift,
				Services/WorkoutLoggingService.swift,
			);
			target = 4C74D6BC2F1CE4E6009A425D /* Kraftli Timers Watch App */;
		};
/* End PBXFileSystemSynchronizedBuildFileExceptionSet section */

/* Begin PBXFileSystemSynchronizedRootGroup section */
		4C33823E2EF2FA4700135BD7 /* Kraftli Timers */ = {
			isa = PBXFileSystemSynchronizedRootGroup;
			exceptions = (
				4C33825F2EF2FA4800135BD7 /* Exceptions for "Kraftli Timers" folder in "Kraftli Timers" target */,
				4C74D6EE2F1CE676009A425D /* Exceptions for "Kraftli Timers" folder in "Kraftli Timers Watch App" target */,
			);
			path = "Kraftli Timers";
			sourceTree = "<group>";
		};
		4C3382502EF2FA4800135BD7 /* Kraftli TimersTests */ = {
			isa = PBXFileSystemSynchronizedRootGroup;
			path = "Kraftli TimersTests";
			sourceTree = "<group>";
		};
		4C33825A2EF2FA4800135BD7 /* Kraftli TimersUITests */ = {
			isa = PBXFileSystemSynchronizedRootGroup;
			path = "Kraftli TimersUITests";
			sourceTree = "<group>";
		};
		4C74D6BE2F1CE4E6009A425D /* Kraftli Timers Watch App */ = {
			isa = PBXFileSystemSynchronizedRootGroup;
			path = "Kraftli Timers Watch App";
			sourceTree = "<group>";
		};
		4C74D6CC2F1CE4E7009A425D /* Kraftli Timers Watch AppTests */ = {
			isa = PBXFileSystemSynchronizedRootGroup;
			path = "Kraftli Timers Watch AppTests";
			sourceTree = "<group>";
		};
		4C74D6D62F1CE4E7009A425D /* Kraftli Timers Watch AppUITests */ = {
			isa = PBXFileSystemSynchronizedRootGroup;
			path = "Kraftli Timers Watch AppUITests";
			sourceTree = "<group>";
		};
/* End PBXFileSystemSynchronizedRootGroup section */

/* Begin PBXFrameworksBuildPhase section */
		4C3382392EF2FA4700135BD7 /* Frameworks */ = {
			isa = PBXFrameworksBuildPhase;
			buildActionMask = 2147483647;
			files = (
				4C03B9AE2F1D658D006EDB06 /* WatchConnectivity.framework in Frameworks */,
			);
			runOnlyForDeploymentPostprocessing = 0;
		};
		4C33824A2EF2FA4800135BD7 /* Frameworks */ = {
			isa = PBXFrameworksBuildPhase;
			buildActionMask = 2147483647;
			files = (
			);
			runOnlyForDeploymentPostprocessing = 0;
		};
		4C3382542EF2FA4800135BD7 /* Frameworks */ = {
			isa = PBXFrameworksBuildPhase;
			buildActionMask = 2147483647;
			files = (
			);
			runOnlyForDeploymentPostprocessing = 0;
		};
		4C74D6BA2F1CE4E6009A425D /* Frameworks */ = {
			isa = PBXFrameworksBuildPhase;
			buildActionMask = 2147483647;
			files = (
				4C03B9B02F1D65A7006EDB06 /* WatchConnectivity.framework in Frameworks */,
			);
			runOnlyForDeploymentPostprocessing = 0;
		};
		4C74D6C62F1CE4E7009A425D /* Frameworks */ = {
			isa = PBXFrameworksBuildPhase;
			buildActionMask = 2147483647;
			files = (
			);
			runOnlyForDeploymentPostprocessing = 0;
		};
		4C74D6D02F1CE4E7009A425D /* Frameworks */ = {
			isa = PBXFrameworksBuildPhase;
			buildActionMask = 2147483647;
			files = (
			);
			runOnlyForDeploymentPostprocessing = 0;
		};
/* End PBXFrameworksBuildPhase section */

/* Begin PBXGroup section */
		4C03B9AC2F1D658D006EDB06 /* Frameworks */ = {
			isa = PBXGroup;
			children = (
				4C03B9AF2F1D65A7006EDB06 /* WatchConnectivity.framework */,
				4C03B9AD2F1D658D006EDB06 /* WatchConnectivity.framework */,
			);
			name = Frameworks;
			sourceTree = "<group>";
		};
		4C3382332EF2FA4700135BD7 = {
			isa = PBXGroup;
			children = (
				4CDFEB8E2F1B734700782000 /* ACKNOWLEDGMENTS.md */,
				4CDFEB942F1B89F200782000 /* README.md */,
				4CA514782EFD4F8200048217 /* CLAUDE.md */,
				4C33823E2EF2FA4700135BD7 /* Kraftli Timers */,
				4C3382502EF2FA4800135BD7 /* Kraftli TimersTests */,
				4C33825A2EF2FA4800135BD7 /* Kraftli TimersUITests */,
				4C74D6BE2F1CE4E6009A425D /* Kraftli Timers Watch App */,
				4C74D6CC2F1CE4E7009A425D /* Kraftli Timers Watch AppTests */,
				4C74D6D62F1CE4E7009A425D /* Kraftli Timers Watch AppUITests */,
				4C03B9AC2F1D658D006EDB06 /* Frameworks */,
				4C33823D2EF2FA4700135BD7 /* Products */,
			);
			sourceTree = "<group>";
		};
		4C33823D2EF2FA4700135BD7 /* Products */ = {
			isa = PBXGroup;
			children = (
				4C33823C2EF2FA4700135BD7 /* Kraftli Timers.app */,
				4C33824D2EF2FA4800135BD7 /* Kraftli TimersTests.xctest */,
				4C3382572EF2FA4800135BD7 /* Kraftli TimersUITests.xctest */,
				4C74D6BD2F1CE4E6009A425D /* Kraftli Timers Watch App.app */,
				4C74D6C92F1CE4E7009A425D /* Kraftli Timers Watch AppTests.xctest */,
				4C74D6D32F1CE4E7009A425D /* Kraftli Timers Watch AppUITests.xctest */,
			);
			name = Products;
			sourceTree = "<group>";
		};
/* End PBXGroup section */

/* Begin PBXNativeTarget section */
		4C33823B2EF2FA4700135BD7 /* Kraftli Timers */ = {
			isa = PBXNativeTarget;
			buildConfigurationList = 4C3382602EF2FA4800135BD7 /* Build configuration list for PBXNativeTarget "Kraftli Timers" */;
			buildPhases = (
				4C3382382EF2FA4700135BD7 /* Sources */,
				4C3382392EF2FA4700135BD7 /* Frameworks */,
				4C33823A2EF2FA4700135BD7 /* Resources */,
				4C74D6DE2F1CE4E7009A425D /* Embed Watch Content */,
			);
			buildRules = (
			);
			dependencies = (
				4C74D6DC2F1CE4E7009A425D /* PBXTargetDependency */,
			);
			fileSystemSynchronizedGroups = (
				4C33823E2EF2FA4700135BD7 /* Kraftli Timers */,
			);
			name = "Kraftli Timers";
			packageProductDependencies = (
			);
			productName = "Kraftli Timers";
			productReference = 4C33823C2EF2FA4700135BD7 /* Kraftli Timers.app */;
			productType = "com.apple.product-type.application";
		};
		4C33824C2EF2FA4800135BD7 /* Kraftli TimersTests */ = {
			isa = PBXNativeTarget;
			buildConfigurationList = 4C3382652EF2FA4800135BD7 /* Build configuration list for PBXNativeTarget "Kraftli TimersTests" */;
			buildPhases = (
				4C3382492EF2FA4800135BD7 /* Sources */,
				4C33824A2EF2FA4800135BD7 /* Frameworks */,
				4C33824B2EF2FA4800135BD7 /* Resources */,
			);
			buildRules = (
			);
			dependencies = (
				4C33824F2EF2FA4800135BD7 /* PBXTargetDependency */,
			);
			fileSystemSynchronizedGroups = (
				4C3382502EF2FA4800135BD7 /* Kraftli TimersTests */,
			);
			name = "Kraftli TimersTests";
			packageProductDependencies = (
			);
			productName = "Kraftli TimersTests";
			productReference = 4C33824D2EF2FA4800135BD7 /* Kraftli TimersTests.xctest */;
			productType = "com.apple.product-type.bundle.unit-test";
		};
		4C3382562EF2FA4800135BD7 /* Kraftli TimersUITests */ = {
			isa = PBXNativeTarget;
			buildConfigurationList = 4C3382682EF2FA4800135BD7 /* Build configuration list for PBXNativeTarget "Kraftli TimersUITests" */;
			buildPhases = (
				4C3382532EF2FA4800135BD7 /* Sources */,
				4C3382542EF2FA4800135BD7 /* Frameworks */,
				4C3382552EF2FA4800135BD7 /* Resources */,
			);
			buildRules = (
			);
			dependencies = (
				4C3382592EF2FA4800135BD7 /* PBXTargetDependency */,
			);
			fileSystemSynchronizedGroups = (
				4C33825A2EF2FA4800135BD7 /* Kraftli TimersUITests */,
			);
			name = "Kraftli TimersUITests";
			packageProductDependencies = (
			);
			productName = "Kraftli TimersUITests";
			productReference = 4C3382572EF2FA4800135BD7 /* Kraftli TimersUITests.xctest */;
			productType = "com.apple.product-type.bundle.ui-testing";
		};
		4C74D6BC2F1CE4E6009A425D /* Kraftli Timers Watch App */ = {
			isa = PBXNativeTarget;
			buildConfigurationList = 4C74D6E52F1CE4E7009A425D /* Build configuration list for PBXNativeTarget "Kraftli Timers Watch App" */;
			buildPhases = (
				4C74D6B92F1CE4E6009A425D /* Sources */,
				4C74D6BA2F1CE4E6009A425D /* Frameworks */,
				4C74D6BB2F1CE4E6009A425D /* Resources */,
			);
			buildRules = (
			);
			dependencies = (
			);
			fileSystemSynchronizedGroups = (
				4C74D6BE2F1CE4E6009A425D /* Kraftli Timers Watch App */,
			);
			name = "Kraftli Timers Watch App";
			packageProductDependencies = (
			);
			productName = "Kraftli Timers Watch Watch App";
			productReference = 4C74D6BD2F1CE4E6009A425D /* Kraftli Timers Watch App.app */;
			productType = "com.apple.product-type.application";
		};
		4C74D6C82F1CE4E7009A425D /* Kraftli Timers Watch AppTests */ = {
			isa = PBXNativeTarget;
			buildConfigurationList = 4C74D6E62F1CE4E7009A425D /* Build configuration list for PBXNativeTarget "Kraftli Timers Watch AppTests" */;
			buildPhases = (
				4C74D6C52F1CE4E7009A425D /* Sources */,
				4C74D6C62F1CE4E7009A425D /* Frameworks */,
				4C74D6C72F1CE4E7009A425D /* Resources */,
			);
			buildRules = (
			);
			dependencies = (
				4C74D6CB2F1CE4E7009A425D /* PBXTargetDependency */,
			);
			fileSystemSynchronizedGroups = (
				4C74D6CC2F1CE4E7009A425D /* Kraftli Timers Watch AppTests */,
			);
			name = "Kraftli Timers Watch AppTests";
			packageProductDependencies = (
			);
			productName = "Kraftli Timers Watch Watch AppTests";
			productReference = 4C74D6C92F1CE4E7009A425D /* Kraftli Timers Watch AppTests.xctest */;
			productType = "com.apple.product-type.bundle.unit-test";
		};
		4C74D6D22F1CE4E7009A425D /* Kraftli Timers Watch AppUITests */ = {
			isa = PBXNativeTarget;
			buildConfigurationList = 4C74D6E72F1CE4E7009A425D /* Build configuration list for PBXNativeTarget "Kraftli Timers Watch AppUITests" */;
			buildPhases = (
				4C74D6CF2F1CE4E7009A425D /* Sources */,
				4C74D6D02F1CE4E7009A425D /* Frameworks */,
				4C74D6D12F1CE4E7009A425D /* Resources */,
			);
			buildRules = (
			);
			dependencies = (
				4C74D6D52F1CE4E7009A425D /* PBXTargetDependency */,
			);
			fileSystemSynchronizedGroups = (
				4C74D6D62F1CE4E7009A425D /* Kraftli Timers Watch AppUITests */,
			);
			name = "Kraftli Timers Watch AppUITests";
			packageProductDependencies = (
			);
			productName = "Kraftli Timers Watch Watch AppUITests";
			productReference = 4C74D6D32F1CE4E7009A425D /* Kraftli Timers Watch AppUITests.xctest */;
			productType = "com.apple.product-type.bundle.ui-testing";
		};
/* End PBXNativeTarget section */

/* Begin PBXProject section */
		4C3382342EF2FA4700135BD7 /* Project object */ = {
			isa = PBXProject;
			attributes = {
				BuildIndependentTargetsInParallel = 1;
				LastSwiftUpdateCheck = 2620;
				LastUpgradeCheck = 2620;
				TargetAttributes = {
					4C33823B2EF2FA4700135BD7 = {
						CreatedOnToolsVersion = 26.2;
					};
					4C33824C2EF2FA4800135BD7 = {
						CreatedOnToolsVersion = 26.2;
						TestTargetID = 4C33823B2EF2FA4700135BD7;
					};
					4C3382562EF2FA4800135BD7 = {
						CreatedOnToolsVersion = 26.2;
						TestTargetID = 4C33823B2EF2FA4700135BD7;
					};
					4C74D6BC2F1CE4E6009A425D = {
						CreatedOnToolsVersion = 26.2;
					};
					4C74D6C82F1CE4E7009A425D = {
						CreatedOnToolsVersion = 26.2;
						TestTargetID = 4C74D6BC2F1CE4E6009A425D;
					};
					4C74D6D22F1CE4E7009A425D = {
						CreatedOnToolsVersion = 26.2;
						TestTargetID = 4C74D6BC2F1CE4E6009A425D;
					};
				};
			};
			buildConfigurationList = 4C3382372EF2FA4700135BD7 /* Build configuration list for PBXProject "Kraftli Timers" */;
			developmentRegion = en;
			hasScannedForEncodings = 0;
			knownRegions = (
				en,
				Base,
			);
			mainGroup = 4C3382332EF2FA4700135BD7;
			minimizedProjectReferenceProxies = 1;
			preferredProjectObjectVersion = 77;
			productRefGroup = 4C33823D2EF2FA4700135BD7 /* Products */;
			projectDirPath = "";
			projectRoot = "";
			targets = (
				4C33823B2EF2FA4700135BD7 /* Kraftli Timers */,
				4C33824C2EF2FA4800135BD7 /* Kraftli TimersTests */,
				4C3382562EF2FA4800135BD7 /* Kraftli TimersUITests */,
				4C74D6BC2F1CE4E6009A425D /* Kraftli Timers Watch App */,
				4C74D6C82F1CE4E7009A425D /* Kraftli Timers Watch AppTests */,
				4C74D6D22F1CE4E7009A425D /* Kraftli Timers Watch AppUITests */,
			);
		};
/* End PBXProject section */

/* Begin PBXResourcesBuildPhase section */
		4C33823A2EF2FA4700135BD7 /* Resources */ = {
			isa = PBXResourcesBuildPhase;
			buildActionMask = 2147483647;
			files = (
			);
			runOnlyForDeploymentPostprocessing = 0;
		};
		4C33824B2EF2FA4800135BD7 /* Resources */ = {
			isa = PBXResourcesBuildPhase;
			buildActionMask = 2147483647;
			files = (
			);
			runOnlyForDeploymentPostprocessing = 0;
		};
		4C3382552EF2FA4800135BD7 /* Resources */ = {
			isa = PBXResourcesBuildPhase;
			buildActionMask = 2147483647;
			files = (
			);
			runOnlyForDeploymentPostprocessing = 0;
		};
		4C74D6BB2F1CE4E6009A425D /* Resources */ = {
			isa = PBXResourcesBuildPhase;
			buildActionMask = 2147483647;
			files = (
			);
			runOnlyForDeploymentPostprocessing = 0;
		};
		4C74D6C72F1CE4E7009A425D /* Resources */ = {
			isa = PBXResourcesBuildPhase;
			buildActionMask = 2147483647;
			files = (
			);
			runOnlyForDeploymentPostprocessing = 0;
		};
		4C74D6D12F1CE4E7009A425D /* Resources */ = {
			isa = PBXResourcesBuildPhase;
			buildActionMask = 2147483647;
			files = (
			);
			runOnlyForDeploymentPostprocessing = 0;
		};
/* End PBXResourcesBuildPhase section */

/* Begin PBXSourcesBuildPhase section */
		4C3382382EF2FA4700135BD7 /* Sources */ = {
			isa = PBXSourcesBuildPhase;
			buildActionMask = 2147483647;
			files = (
			);
			runOnlyForDeploymentPostprocessing = 0;
		};
		4C3382492EF2FA4800135BD7 /* Sources */ = {
			isa = PBXSourcesBuildPhase;
			buildActionMask = 2147483647;
			files = (
			);
			runOnlyForDeploymentPostprocessing = 0;
		};
		4C3382532EF2FA4800135BD7 /* Sources */ = {
			isa = PBXSourcesBuildPhase;
			buildActionMask = 2147483647;
			files = (
			);
			runOnlyForDeploymentPostprocessing = 0;
		};
		4C74D6B92F1CE4E6009A425D /* Sources */ = {
			isa = PBXSourcesBuildPhase;
			buildActionMask = 2147483647;
			files = (
			);
			runOnlyForDeploymentPostprocessing = 0;
		};
		4C74D6C52F1CE4E7009A425D /* Sources */ = {
			isa = PBXSourcesBuildPhase;
			buildActionMask = 2147483647;
			files = (
			);
			runOnlyForDeploymentPostprocessing = 0;
		};
		4C74D6CF2F1CE4E7009A425D /* Sources */ = {
			isa = PBXSourcesBuildPhase;
			buildActionMask = 2147483647;
			files = (
			);
			runOnlyForDeploymentPostprocessing = 0;
		};
/* End PBXSourcesBuildPhase section */

/* Begin PBXTargetDependency section */
		4C33824F2EF2FA4800135BD7 /* PBXTargetDependency */ = {
			isa = PBXTargetDependency;
			target = 4C33823B2EF2FA4700135BD7 /* Kraftli Timers */;
			targetProxy = 4C33824E2EF2FA4800135BD7 /* PBXContainerItemProxy */;
		};
		4C3382592EF2FA4800135BD7 /* PBXTargetDependency */ = {
			isa = PBXTargetDependency;
			target = 4C33823B2EF2FA4700135BD7 /* Kraftli Timers */;
			targetProxy = 4C3382582EF2FA4800135BD7 /* PBXContainerItemProxy */;
		};
		4C74D6CB2F1CE4E7009A425D /* PBXTargetDependency */ = {
			isa = PBXTargetDependency;
			target = 4C74D6BC2F1CE4E6009A425D /* Kraftli Timers Watch App */;
			targetProxy = 4C74D6CA2F1CE4E7009A425D /* PBXContainerItemProxy */;
		};
		4C74D6D52F1CE4E7009A425D /* PBXTargetDependency */ = {
			isa = PBXTargetDependency;
			target = 4C74D6BC2F1CE4E6009A425D /* Kraftli Timers Watch App */;
			targetProxy = 4C74D6D42F1CE4E7009A425D /* PBXContainerItemProxy */;
		};
		4C74D6DC2F1CE4E7009A425D /* PBXTargetDependency */ = {
			isa = PBXTargetDependency;
			target = 4C74D6BC2F1CE4E6009A425D /* Kraftli Timers Watch App */;
			targetProxy = 4C74D6DB2F1CE4E7009A425D /* PBXContainerItemProxy */;
		};
/* End PBXTargetDependency section */

/* Begin XCBuildConfiguration section */
		4C3382612EF2FA4800135BD7 /* Debug */ = {
			isa = XCBuildConfiguration;
			buildSettings = {
				ASSETCATALOG_COMPILER_APPICON_NAME = "kraftli-icon-v1";
				ASSETCATALOG_COMPILER_GLOBAL_ACCENT_COLOR_NAME = AccentColor;
				CODE_SIGN_ENTITLEMENTS = "Kraftli Timers/Kraftli Timers.entitlements";
				CODE_SIGN_IDENTITY = "Apple Development";
				CODE_SIGN_STYLE = Automatic;
				CURRENT_PROJECT_VERSION = 1;
				DEVELOPMENT_TEAM = 7588KJGLLF;
				ENABLE_APP_SANDBOX = YES;
				ENABLE_HARDENED_RUNTIME = YES;
				ENABLE_PREVIEWS = YES;
				ENABLE_USER_SELECTED_FILES = readonly;
				GENERATE_INFOPLIST_FILE = YES;
				INFOPLIST_FILE = "Kraftli Timers/Info.plist";
				INFOPLIST_KEY_CFBundleDisplayName = "Kraftli Timers";
				INFOPLIST_KEY_ITSAppUsesNonExemptEncryption = NO;
				INFOPLIST_KEY_NSHealthShareUsageDescription = "Kraftli Timers reads your heart rate data to display workout summaries.";
				INFOPLIST_KEY_NSHealthUpdateUsageDescription = "Kraftli Timers saves your workouts to Apple Health so they appear in the Fitness app and contribute to your Activity Rings.";
				"INFOPLIST_KEY_UIApplicationSceneManifest_Generation[sdk=iphoneos*]" = YES;
				"INFOPLIST_KEY_UIApplicationSceneManifest_Generation[sdk=iphonesimulator*]" = YES;
				"INFOPLIST_KEY_UIApplicationSupportsIndirectInputEvents[sdk=iphoneos*]" = YES;
				"INFOPLIST_KEY_UIApplicationSupportsIndirectInputEvents[sdk=iphonesimulator*]" = YES;
				"INFOPLIST_KEY_UILaunchScreen_Generation[sdk=iphoneos*]" = YES;
				"INFOPLIST_KEY_UILaunchScreen_Generation[sdk=iphonesimulator*]" = YES;
				"INFOPLIST_KEY_UIStatusBarStyle[sdk=iphoneos*]" = UIStatusBarStyleDefault;
				"INFOPLIST_KEY_UIStatusBarStyle[sdk=iphonesimulator*]" = UIStatusBarStyleDefault;
				INFOPLIST_KEY_UISupportedInterfaceOrientations = UIInterfaceOrientationPortrait;
				INFOPLIST_KEY_UISupportedInterfaceOrientations_iPad = "UIInterfaceOrientationLandscapeLeft UIInterfaceOrientationLandscapeRight UIInterfaceOrientationPortrait UIInterfaceOrientationPortraitUpsideDown";
				IPHONEOS_DEPLOYMENT_TARGET = 26.2;
				LD_RUNPATH_SEARCH_PATHS = "@executable_path/Frameworks";
				"LD_RUNPATH_SEARCH_PATHS[sdk=macosx*]" = "@executable_path/../Frameworks";
				MACOSX_DEPLOYMENT_TARGET = 26.2;
				MARKETING_VERSION = 1.4.3;
				PRODUCT_BUNDLE_IDENTIFIER = "ch.omnom.kraftli-timers";
				PRODUCT_NAME = "$(TARGET_NAME)";
				PROVISIONING_PROFILE_SPECIFIER = "";
				REGISTER_APP_GROUPS = YES;
				SDKROOT = auto;
				STRING_CATALOG_GENERATE_SYMBOLS = YES;
				SUPPORTED_PLATFORMS = "iphoneos iphonesimulator";
				SUPPORTS_MACCATALYST = NO;
				SWIFT_APPROACHABLE_CONCURRENCY = YES;
				SWIFT_DEFAULT_ACTOR_ISOLATION = MainActor;
				SWIFT_EMIT_LOC_STRINGS = YES;
				SWIFT_UPCOMING_FEATURE_MEMBER_IMPORT_VISIBILITY = YES;
				SWIFT_VERSION = 5.0;
				TARGETED_DEVICE_FAMILY = "1,2";
				XROS_DEPLOYMENT_TARGET = 26.2;
			};
			name = Debug;
		};
		4C3382622EF2FA4800135BD7 /* Release */ = {
			isa = XCBuildConfiguration;
			buildSettings = {
				ASSETCATALOG_COMPILER_APPICON_NAME = "kraftli-icon-v1";
				ASSETCATALOG_COMPILER_GLOBAL_ACCENT_COLOR_NAME = AccentColor;
				CODE_SIGN_ENTITLEMENTS = "Kraftli Timers/Kraftli Timers.entitlements";
				CODE_SIGN_IDENTITY = "Apple Development";
				CODE_SIGN_STYLE = Automatic;
				CURRENT_PROJECT_VERSION = 1;
				DEVELOPMENT_TEAM = 7588KJGLLF;
				ENABLE_APP_SANDBOX = YES;
				ENABLE_HARDENED_RUNTIME = YES;
				ENABLE_PREVIEWS = YES;
				ENABLE_USER_SELECTED_FILES = readonly;
				GENERATE_INFOPLIST_FILE = YES;
				INFOPLIST_FILE = "Kraftli Timers/Info.plist";
				INFOPLIST_KEY_CFBundleDisplayName = "Kraftli Timers";
				INFOPLIST_KEY_ITSAppUsesNonExemptEncryption = NO;
				INFOPLIST_KEY_NSHealthShareUsageDescription = "Kraftli Timers reads your heart rate data to display workout summaries.";
				INFOPLIST_KEY_NSHealthUpdateUsageDescription = "Kraftli Timers saves your workouts to Apple Health so they appear in the Fitness app and contribute to your Activity Rings.";
				"INFOPLIST_KEY_UIApplicationSceneManifest_Generation[sdk=iphoneos*]" = YES;
				"INFOPLIST_KEY_UIApplicationSceneManifest_Generation[sdk=iphonesimulator*]" = YES;
				"INFOPLIST_KEY_UIApplicationSupportsIndirectInputEvents[sdk=iphoneos*]" = YES;
				"INFOPLIST_KEY_UIApplicationSupportsIndirectInputEvents[sdk=iphonesimulator*]" = YES;
				"INFOPLIST_KEY_UILaunchScreen_Generation[sdk=iphoneos*]" = YES;
				"INFOPLIST_KEY_UILaunchScreen_Generation[sdk=iphonesimulator*]" = YES;
				"INFOPLIST_KEY_UIStatusBarStyle[sdk=iphoneos*]" = UIStatusBarStyleDefault;
				"INFOPLIST_KEY_UIStatusBarStyle[sdk=iphonesimulator*]" = UIStatusBarStyleDefault;
				INFOPLIST_KEY_UISupportedInterfaceOrientations = UIInterfaceOrientationPortrait;
				INFOPLIST_KEY_UISupportedInterfaceOrientations_iPad = "UIInterfaceOrientationLandscapeLeft UIInterfaceOrientationLandscapeRight UIInterfaceOrientationPortrait UIInterfaceOrientationPortraitUpsideDown";
				IPHONEOS_DEPLOYMENT_TARGET = 26.2;
				LD_RUNPATH_SEARCH_PATHS = "@executable_path/Frameworks";
				"LD_RUNPATH_SEARCH_PATHS[sdk=macosx*]" = "@executable_path/../Frameworks";
				MACOSX_DEPLOYMENT_TARGET = 26.2;
				MARKETING_VERSION = 1.4.3;
				PRODUCT_BUNDLE_IDENTIFIER = "ch.omnom.kraftli-timers";
				PRODUCT_NAME = "$(TARGET_NAME)";
				PROVISIONING_PROFILE_SPECIFIER = "";
				REGISTER_APP_GROUPS = YES;
				SDKROOT = auto;
				STRING_CATALOG_GENERATE_SYMBOLS = YES;
				SUPPORTED_PLATFORMS = "iphoneos iphonesimulator";
				SUPPORTS_MACCATALYST = NO;
				SWIFT_APPROACHABLE_CONCURRENCY = YES;
				SWIFT_DEFAULT_ACTOR_ISOLATION = MainActor;
				SWIFT_EMIT_LOC_STRINGS = YES;
				SWIFT_UPCOMING_FEATURE_MEMBER_IMPORT_VISIBILITY = YES;
				SWIFT_VERSION = 5.0;
				TARGETED_DEVICE_FAMILY = "1,2";
				XROS_DEPLOYMENT_TARGET = 26.2;
			};
			name = Release;
		};
		4C3382632EF2FA4800135BD7 /* Debug */ = {
			isa = XCBuildConfiguration;
			buildSettings = {
				ALWAYS_SEARCH_USER_PATHS = NO;
				ASSETCATALOG_COMPILER_GENERATE_SWIFT_ASSET_SYMBOL_EXTENSIONS = YES;
				CLANG_ANALYZER_NONNULL = YES;
				CLANG_ANALYZER_NUMBER_OBJECT_CONVERSION = YES_AGGRESSIVE;
				CLANG_CXX_LANGUAGE_STANDARD = "gnu++20";
				CLANG_ENABLE_MODULES = YES;
				CLANG_ENABLE_OBJC_ARC = YES;
				CLANG_ENABLE_OBJC_WEAK = YES;
				CLANG_WARN_BLOCK_CAPTURE_AUTORELEASING = YES;
				CLANG_WARN_BOOL_CONVERSION = YES;
				CLANG_WARN_COMMA = YES;
				CLANG_WARN_CONSTANT_CONVERSION = YES;
				CLANG_WARN_DEPRECATED_OBJC_IMPLEMENTATIONS = YES;
				CLANG_WARN_DIRECT_OBJC_ISA_USAGE = YES_ERROR;
				CLANG_WARN_DOCUMENTATION_COMMENTS = YES;
				CLANG_WARN_EMPTY_BODY = YES;
				CLANG_WARN_ENUM_CONVERSION = YES;
				CLANG_WARN_INFINITE_RECURSION = YES;
				CLANG_WARN_INT_CONVERSION = YES;
				CLANG_WARN_NON_LITERAL_NULL_CONVERSION = YES;
				CLANG_WARN_OBJC_IMPLICIT_RETAIN_SELF = YES;
				CLANG_WARN_OBJC_LITERAL_CONVERSION = YES;
				CLANG_WARN_OBJC_ROOT_CLASS = YES_ERROR;
				CLANG_WARN_QUOTED_INCLUDE_IN_FRAMEWORK_HEADER = YES;
				CLANG_WARN_RANGE_LOOP_ANALYSIS = YES;
				CLANG_WARN_STRICT_PROTOTYPES = YES;
				CLANG_WARN_SUSPICIOUS_MOVE = YES;
				CLANG_WARN_UNGUARDED_AVAILABILITY = YES_AGGRESSIVE;
				CLANG_WARN_UNREACHABLE_CODE = YES;
				CLANG_WARN__DUPLICATE_METHOD_MATCH = YES;
				COPY_PHASE_STRIP = NO;
				DEBUG_INFORMATION_FORMAT = dwarf;
				DEVELOPMENT_TEAM = 7588KJGLLF;
				ENABLE_STRICT_OBJC_MSGSEND = YES;
				ENABLE_TESTABILITY = YES;
				ENABLE_USER_SCRIPT_SANDBOXING = YES;
				GCC_C_LANGUAGE_STANDARD = gnu17;
				GCC_DYNAMIC_NO_PIC = NO;
				GCC_NO_COMMON_BLOCKS = YES;
				GCC_OPTIMIZATION_LEVEL = 0;
				GCC_PREPROCESSOR_DEFINITIONS = (
					"DEBUG=1",
					"$(inherited)",
				);
				GCC_WARN_64_TO_32_BIT_CONVERSION = YES;
				GCC_WARN_ABOUT_RETURN_TYPE = YES_ERROR;
				GCC_WARN_UNDECLARED_SELECTOR = YES;
				GCC_WARN_UNINITIALIZED_AUTOS = YES_AGGRESSIVE;
				GCC_WARN_UNUSED_FUNCTION = YES;
				GCC_WARN_UNUSED_VARIABLE = YES;
				LOCALIZATION_PREFERS_STRING_CATALOGS = YES;
				MTL_ENABLE_DEBUG_INFO = INCLUDE_SOURCE;
				MTL_FAST_MATH = YES;
				ONLY_ACTIVE_ARCH = YES;
				SWIFT_ACTIVE_COMPILATION_CONDITIONS = "DEBUG $(inherited)";
				SWIFT_OPTIMIZATION_LEVEL = "-Onone";
			};
			name = Debug;
		};
		4C3382642EF2FA4800135BD7 /* Release */ = {
			isa = XCBuildConfiguration;
			buildSettings = {
				ALWAYS_SEARCH_USER_PATHS = NO;
				ASSETCATALOG_COMPILER_GENERATE_SWIFT_ASSET_SYMBOL_EXTENSIONS = YES;
				CLANG_ANALYZER_NONNULL = YES;
				CLANG_ANALYZER_NUMBER_OBJECT_CONVERSION = YES_AGGRESSIVE;
				CLANG_CXX_LANGUAGE_STANDARD = "gnu++20";
				CLANG_ENABLE_MODULES = YES;
				CLANG_ENABLE_OBJC_ARC = YES;
				CLANG_ENABLE_OBJC_WEAK = YES;
				CLANG_WARN_BLOCK_CAPTURE_AUTORELEASING = YES;
				CLANG_WARN_BOOL_CONVERSION = YES;
				CLANG_WARN_COMMA = YES;
				CLANG_WARN_CONSTANT_CONVERSION = YES;
				CLANG_WARN_DEPRECATED_OBJC_IMPLEMENTATIONS = YES;
				CLANG_WARN_DIRECT_OBJC_ISA_USAGE = YES_ERROR;
				CLANG_WARN_DOCUMENTATION_COMMENTS = YES;
				CLANG_WARN_EMPTY_BODY = YES;
				CLANG_WARN_ENUM_CONVERSION = YES;
				CLANG_WARN_INFINITE_RECURSION = YES;
				CLANG_WARN_INT_CONVERSION = YES;
				CLANG_WARN_NON_LITERAL_NULL_CONVERSION = YES;
				CLANG_WARN_OBJC_IMPLICIT_RETAIN_SELF = YES;
				CLANG_WARN_OBJC_LITERAL_CONVERSION = YES;
				CLANG_WARN_OBJC_ROOT_CLASS = YES_ERROR;
				CLANG_WARN_QUOTED_INCLUDE_IN_FRAMEWORK_HEADER = YES;
				CLANG_WARN_RANGE_LOOP_ANALYSIS = YES;
				CLANG_WARN_STRICT_PROTOTYPES = YES;
				CLANG_WARN_SUSPICIOUS_MOVE = YES;
				CLANG_WARN_UNGUARDED_AVAILABILITY = YES_AGGRESSIVE;
				CLANG_WARN_UNREACHABLE_CODE = YES;
				CLANG_WARN__DUPLICATE_METHOD_MATCH = YES;
				COPY_PHASE_STRIP = NO;
				DEBUG_INFORMATION_FORMAT = "dwarf-with-dsym";
				DEVELOPMENT_TEAM = 7588KJGLLF;
				ENABLE_NS_ASSERTIONS = NO;
				ENABLE_STRICT_OBJC_MSGSEND = YES;
				ENABLE_USER_SCRIPT_SANDBOXING = YES;
				GCC_C_LANGUAGE_STANDARD = gnu17;
				GCC_NO_COMMON_BLOCKS = YES;
				GCC_WARN_64_TO_32_BIT_CONVERSION = YES;
				GCC_WARN_ABOUT_RETURN_TYPE = YES_ERROR;
				GCC_WARN_UNDECLARED_SELECTOR = YES;
				GCC_WARN_UNINITIALIZED_AUTOS = YES_AGGRESSIVE;
				GCC_WARN_UNUSED_FUNCTION = YES;
				GCC_WARN_UNUSED_VARIABLE = YES;
				LOCALIZATION_PREFERS_STRING_CATALOGS = YES;
				MTL_ENABLE_DEBUG_INFO = NO;
				MTL_FAST_MATH = YES;
				SWIFT_COMPILATION_MODE = wholemodule;
			};
			name = Release;
		};
		4C3382662EF2FA4800135BD7 /* Debug */ = {
			isa = XCBuildConfiguration;
			buildSettings = {
				BUNDLE_LOADER = "$(TEST_HOST)";
				CODE_SIGN_IDENTITY = "Apple Development";
				CODE_SIGN_STYLE = Automatic;
				CURRENT_PROJECT_VERSION = 1;
				DEVELOPMENT_TEAM = 7588KJGLLF;
				GENERATE_INFOPLIST_FILE = YES;
				IPHONEOS_DEPLOYMENT_TARGET = 26.2;
				MACOSX_DEPLOYMENT_TARGET = 26.2;
				MARKETING_VERSION = 1.0;
				PRODUCT_BUNDLE_IDENTIFIER = "ch.omnom.kraftli-timers.internal.Tests";
				PRODUCT_NAME = "$(TARGET_NAME)";
				PROVISIONING_PROFILE_SPECIFIER = "";
				SDKROOT = auto;
				STRING_CATALOG_GENERATE_SYMBOLS = NO;
				SUPPORTED_PLATFORMS = "iphoneos iphonesimulator";
				SUPPORTS_MACCATALYST = NO;
				SWIFT_APPROACHABLE_CONCURRENCY = YES;
				SWIFT_EMIT_LOC_STRINGS = NO;
				SWIFT_UPCOMING_FEATURE_MEMBER_IMPORT_VISIBILITY = YES;
				SWIFT_VERSION = 5.0;
				TARGETED_DEVICE_FAMILY = "1,2";
				TEST_HOST = "$(BUILT_PRODUCTS_DIR)/Kraftli Timers.app/$(BUNDLE_EXECUTABLE_FOLDER_PATH)/Kraftli Timers";
				XROS_DEPLOYMENT_TARGET = 26.2;
			};
			name = Debug;
		};
		4C3382672EF2FA4800135BD7 /* Release */ = {
			isa = XCBuildConfiguration;
			buildSettings = {
				BUNDLE_LOADER = "$(TEST_HOST)";
				CODE_SIGN_IDENTITY = "Apple Development";
				CODE_SIGN_STYLE = Automatic;
				CURRENT_PROJECT_VERSION = 1;
				DEVELOPMENT_TEAM = 7588KJGLLF;
				GENERATE_INFOPLIST_FILE = YES;
				IPHONEOS_DEPLOYMENT_TARGET = 26.2;
				MACOSX_DEPLOYMENT_TARGET = 26.2;
				MARKETING_VERSION = 1.0;
				PRODUCT_BUNDLE_IDENTIFIER = "ch.omnom.kraftli-timers.internal.Tests";
				PRODUCT_NAME = "$(TARGET_NAME)";
				PROVISIONING_PROFILE_SPECIFIER = "";
				SDKROOT = auto;
				STRING_CATALOG_GENERATE_SYMBOLS = NO;
				SUPPORTED_PLATFORMS = "iphoneos iphonesimulator";
				SUPPORTS_MACCATALYST = NO;
				SWIFT_APPROACHABLE_CONCURRENCY = YES;
				SWIFT_EMIT_LOC_STRINGS = NO;
				SWIFT_UPCOMING_FEATURE_MEMBER_IMPORT_VISIBILITY = YES;
				SWIFT_VERSION = 5.0;
				TARGETED_DEVICE_FAMILY = "1,2";
				TEST_HOST = "$(BUILT_PRODUCTS_DIR)/Kraftli Timers.app/$(BUNDLE_EXECUTABLE_FOLDER_PATH)/Kraftli Timers";
				XROS_DEPLOYMENT_TARGET = 26.2;
			};
			name = Release;
		};
		4C3382692EF2FA4800135BD7 /* Debug */ = {
			isa = XCBuildConfiguration;
			buildSettings = {
				CODE_SIGN_IDENTITY = "Apple Development";
				CODE_SIGN_STYLE = Automatic;
				CURRENT_PROJECT_VERSION = 1;
				DEVELOPMENT_TEAM = 7588KJGLLF;
				GENERATE_INFOPLIST_FILE = YES;
				IPHONEOS_DEPLOYMENT_TARGET = 26.2;
				MACOSX_DEPLOYMENT_TARGET = 26.2;
				MARKETING_VERSION = 1.0;
				PRODUCT_BUNDLE_IDENTIFIER = "ch.omnom.kraftli-timers.internal.UITests";
				PRODUCT_NAME = "$(TARGET_NAME)";
				PROVISIONING_PROFILE_SPECIFIER = "";
				SDKROOT = auto;
				STRING_CATALOG_GENERATE_SYMBOLS = NO;
				SUPPORTED_PLATFORMS = "iphoneos iphonesimulator";
				SUPPORTS_MACCATALYST = NO;
				SWIFT_APPROACHABLE_CONCURRENCY = YES;
				SWIFT_EMIT_LOC_STRINGS = NO;
				SWIFT_UPCOMING_FEATURE_MEMBER_IMPORT_VISIBILITY = YES;
				SWIFT_VERSION = 5.0;
				TARGETED_DEVICE_FAMILY = "1,2";
				TEST_TARGET_NAME = "Kraftli Timers";
				XROS_DEPLOYMENT_TARGET = 26.2;
			};
			name = Debug;
		};
		4C33826A2EF2FA4800135BD7 /* Release */ = {
			isa = XCBuildConfiguration;
			buildSettings = {
				CODE_SIGN_IDENTITY = "Apple Development";
				CODE_SIGN_STYLE = Automatic;
				CURRENT_PROJECT_VERSION = 1;
				DEVELOPMENT_TEAM = 7588KJGLLF;
				GENERATE_INFOPLIST_FILE = YES;
				IPHONEOS_DEPLOYMENT_TARGET = 26.2;
				MACOSX_DEPLOYMENT_TARGET = 26.2;
				MARKETING_VERSION = 1.0;
				PRODUCT_BUNDLE_IDENTIFIER = "ch.omnom.kraftli-timers.internal.UITests";
				PRODUCT_NAME = "$(TARGET_NAME)";
				PROVISIONING_PROFILE_SPECIFIER = "";
				SDKROOT = auto;
				STRING_CATALOG_GENERATE_SYMBOLS = NO;
				SUPPORTED_PLATFORMS = "iphoneos iphonesimulator";
				SUPPORTS_MACCATALYST = NO;
				SWIFT_APPROACHABLE_CONCURRENCY = YES;
				SWIFT_EMIT_LOC_STRINGS = NO;
				SWIFT_UPCOMING_FEATURE_MEMBER_IMPORT_VISIBILITY = YES;
				SWIFT_VERSION = 5.0;
				TARGETED_DEVICE_FAMILY = "1,2";
				TEST_TARGET_NAME = "Kraftli Timers";
				XROS_DEPLOYMENT_TARGET = 26.2;
			};
			name = Release;
		};
		4C74D6DF2F1CE4E7009A425D /* Debug */ = {
			isa = XCBuildConfiguration;
			buildSettings = {
				ASSETCATALOG_COMPILER_APPICON_NAME = "kraftli-icon-v1";
				ASSETCATALOG_COMPILER_GLOBAL_ACCENT_COLOR_NAME = AccentColor;
				CODE_SIGN_ENTITLEMENTS = "Kraftli Timers Watch App/Kraftli Timers Watch App.entitlements";
				CODE_SIGN_IDENTITY = "Apple Development";
				CODE_SIGN_STYLE = Automatic;
				CURRENT_PROJECT_VERSION = 1;
				DEVELOPMENT_TEAM = 7588KJGLLF;
				ENABLE_PREVIEWS = YES;
				GENERATE_INFOPLIST_FILE = YES;
				INFOPLIST_FILE = "Kraftli-Timers-Watch-App-Info.plist";
				INFOPLIST_KEY_CFBundleDisplayName = "Kraftli Timers";
				INFOPLIST_KEY_NSHealthShareUsageDescription = "Kraftli Timers reads your heart rate and calorie data during workouts to display real-time metrics.";
				INFOPLIST_KEY_NSHealthUpdateUsageDescription = "Kraftli Timers saves your workouts to Apple Health so they appear in the Fitness app and contribute to your Activity Rings.";
				INFOPLIST_KEY_UISupportedInterfaceOrientations = "UIInterfaceOrientationPortrait UIInterfaceOrientationPortraitUpsideDown";
				INFOPLIST_KEY_WKCompanionAppBundleIdentifier = "ch.omnom.kraftli-timers";
				LD_RUNPATH_SEARCH_PATHS = (
					"$(inherited)",
					"@executable_path/Frameworks",
				);
				MARKETING_VERSION = 1.4.3;
				PRODUCT_BUNDLE_IDENTIFIER = "ch.omnom.kraftli-timers.watchkitapp";
				PRODUCT_NAME = "$(TARGET_NAME)";
				PROVISIONING_PROFILE_SPECIFIER = "";
				SDKROOT = watchos;
				SKIP_INSTALL = YES;
				STRING_CATALOG_GENERATE_SYMBOLS = YES;
				SWIFT_APPROACHABLE_CONCURRENCY = YES;
				SWIFT_DEFAULT_ACTOR_ISOLATION = MainActor;
				SWIFT_EMIT_LOC_STRINGS = YES;
				SWIFT_UPCOMING_FEATURE_MEMBER_IMPORT_VISIBILITY = YES;
				SWIFT_VERSION = 5.0;
				TARGETED_DEVICE_FAMILY = 4;
				WATCHOS_DEPLOYMENT_TARGET = 26.2;
			};
			name = Debug;
		};
		4C74D6E02F1CE4E7009A425D /* Release */ = {
			isa = XCBuildConfiguration;
			buildSettings = {
				ASSETCATALOG_COMPILER_APPICON_NAME = "kraftli-icon-v1";
				ASSETCATALOG_COMPILER_GLOBAL_ACCENT_COLOR_NAME = AccentColor;
				CODE_SIGN_ENTITLEMENTS = "Kraftli Timers Watch App/Kraftli Timers Watch App.entitlements";
				CODE_SIGN_IDENTITY = "Apple Development";
				CODE_SIGN_STYLE = Automatic;
				CURRENT_PROJECT_VERSION = 1;
				DEVELOPMENT_TEAM = 7588KJGLLF;
				ENABLE_PREVIEWS = YES;
				GENERATE_INFOPLIST_FILE = YES;
				INFOPLIST_FILE = "Kraftli-Timers-Watch-App-Info.plist";
				INFOPLIST_KEY_CFBundleDisplayName = "Kraftli Timers";
				INFOPLIST_KEY_NSHealthShareUsageDescription = "Kraftli Timers reads your heart rate and calorie data during workouts to display real-time metrics.";
				INFOPLIST_KEY_NSHealthUpdateUsageDescription = "Kraftli Timers saves your workouts to Apple Health so they appear in the Fitness app and contribute to your Activity Rings.";
				INFOPLIST_KEY_UISupportedInterfaceOrientations = "UIInterfaceOrientationPortrait UIInterfaceOrientationPortraitUpsideDown";
				INFOPLIST_KEY_WKCompanionAppBundleIdentifier = "ch.omnom.kraftli-timers";
				LD_RUNPATH_SEARCH_PATHS = (
					"$(inherited)",
					"@executable_path/Frameworks",
				);
				MARKETING_VERSION = 1.4.3;
				PRODUCT_BUNDLE_IDENTIFIER = "ch.omnom.kraftli-timers.watchkitapp";
				PRODUCT_NAME = "$(TARGET_NAME)";
				PROVISIONING_PROFILE_SPECIFIER = "";
				SDKROOT = watchos;
				SKIP_INSTALL = YES;
				STRING_CATALOG_GENERATE_SYMBOLS = YES;
				SWIFT_APPROACHABLE_CONCURRENCY = YES;
				SWIFT_DEFAULT_ACTOR_ISOLATION = MainActor;
				SWIFT_EMIT_LOC_STRINGS = YES;
				SWIFT_UPCOMING_FEATURE_MEMBER_IMPORT_VISIBILITY = YES;
				SWIFT_VERSION = 5.0;
				TARGETED_DEVICE_FAMILY = 4;
				VALIDATE_PRODUCT = YES;
				WATCHOS_DEPLOYMENT_TARGET = 26.2;
			};
			name = Release;
		};
		4C74D6E12F1CE4E7009A425D /* Debug */ = {
			isa = XCBuildConfiguration;
			buildSettings = {
				BUNDLE_LOADER = "$(TEST_HOST)";
				CODE_SIGN_IDENTITY = "Apple Development";
				CODE_SIGN_STYLE = Automatic;
				CURRENT_PROJECT_VERSION = 1;
				DEVELOPMENT_TEAM = 7588KJGLLF;
				GENERATE_INFOPLIST_FILE = YES;
				MARKETING_VERSION = 1.0;
				PRODUCT_BUNDLE_IDENTIFIER = "ch.omnom.kraftli-timers.watchkitapp.internal.AppTests";
				PRODUCT_NAME = "$(TARGET_NAME)";
				PROVISIONING_PROFILE_SPECIFIER = "";
				SDKROOT = watchos;
				STRING_CATALOG_GENERATE_SYMBOLS = NO;
				SWIFT_APPROACHABLE_CONCURRENCY = YES;
				SWIFT_EMIT_LOC_STRINGS = NO;
				SWIFT_UPCOMING_FEATURE_MEMBER_IMPORT_VISIBILITY = YES;
				SWIFT_VERSION = 5.0;
				TARGETED_DEVICE_FAMILY = 4;
				TEST_HOST = "$(BUILT_PRODUCTS_DIR)/Kraftli Timers Watch App.app/$(BUNDLE_EXECUTABLE_FOLDER_PATH)/Kraftli Timers Watch App";
				WATCHOS_DEPLOYMENT_TARGET = 26.2;
			};
			name = Debug;
		};
		4C74D6E22F1CE4E7009A425D /* Release */ = {
			isa = XCBuildConfiguration;
			buildSettings = {
				BUNDLE_LOADER = "$(TEST_HOST)";
				CODE_SIGN_IDENTITY = "Apple Development";
				CODE_SIGN_STYLE = Automatic;
				CURRENT_PROJECT_VERSION = 1;
				DEVELOPMENT_TEAM = 7588KJGLLF;
				GENERATE_INFOPLIST_FILE = YES;
				MARKETING_VERSION = 1.0;
				PRODUCT_BUNDLE_IDENTIFIER = "ch.omnom.kraftli-timers.watchkitapp.internal.AppTests";
				PRODUCT_NAME = "$(TARGET_NAME)";
				PROVISIONING_PROFILE_SPECIFIER = "";
				SDKROOT = watchos;
				STRING_CATALOG_GENERATE_SYMBOLS = NO;
				SWIFT_APPROACHABLE_CONCURRENCY = YES;
				SWIFT_EMIT_LOC_STRINGS = NO;
				SWIFT_UPCOMING_FEATURE_MEMBER_IMPORT_VISIBILITY = YES;
				SWIFT_VERSION = 5.0;
				TARGETED_DEVICE_FAMILY = 4;
				TEST_HOST = "$(BUILT_PRODUCTS_DIR)/Kraftli Timers Watch App.app/$(BUNDLE_EXECUTABLE_FOLDER_PATH)/Kraftli Timers Watch App";
				VALIDATE_PRODUCT = YES;
				WATCHOS_DEPLOYMENT_TARGET = 26.2;
			};
			name = Release;
		};
		4C74D6E32F1CE4E7009A425D /* Debug */ = {
			isa = XCBuildConfiguration;
			buildSettings = {
				CODE_SIGN_IDENTITY = "Apple Development";
				CODE_SIGN_STYLE = Automatic;
				CURRENT_PROJECT_VERSION = 1;
				DEVELOPMENT_TEAM = 7588KJGLLF;
				GENERATE_INFOPLIST_FILE = YES;
				MARKETING_VERSION = 1.0;
				PRODUCT_BUNDLE_IDENTIFIER = "ch.omnom.kraftli-timers.watchkitapp.internal.AppUITests";
				PRODUCT_NAME = "$(TARGET_NAME)";
				PROVISIONING_PROFILE_SPECIFIER = "";
				SDKROOT = watchos;
				STRING_CATALOG_GENERATE_SYMBOLS = NO;
				SWIFT_APPROACHABLE_CONCURRENCY = YES;
				SWIFT_EMIT_LOC_STRINGS = NO;
				SWIFT_UPCOMING_FEATURE_MEMBER_IMPORT_VISIBILITY = YES;
				SWIFT_VERSION = 5.0;
				TARGETED_DEVICE_FAMILY = 4;
				TEST_TARGET_NAME = "Kraftli Timers Watch App";
				WATCHOS_DEPLOYMENT_TARGET = 26.2;
			};
			name = Debug;
		};
		4C74D6E42F1CE4E7009A425D /* Release */ = {
			isa = XCBuildConfiguration;
			buildSettings = {
				CODE_SIGN_IDENTITY = "Apple Development";
				CODE_SIGN_STYLE = Automatic;
				CURRENT_PROJECT_VERSION = 1;
				DEVELOPMENT_TEAM = 7588KJGLLF;
				GENERATE_INFOPLIST_FILE = YES;
				MARKETING_VERSION = 1.0;
				PRODUCT_BUNDLE_IDENTIFIER = "ch.omnom.kraftli-timers.watchkitapp.internal.AppUITests";
				PRODUCT_NAME = "$(TARGET_NAME)";
				PROVISIONING_PROFILE_SPECIFIER = "";
				SDKROOT = watchos;
				STRING_CATALOG_GENERATE_SYMBOLS = NO;
				SWIFT_APPROACHABLE_CONCURRENCY = YES;
				SWIFT_EMIT_LOC_STRINGS = NO;
				SWIFT_UPCOMING_FEATURE_MEMBER_IMPORT_VISIBILITY = YES;
				SWIFT_VERSION = 5.0;
				TARGETED_DEVICE_FAMILY = 4;
				TEST_TARGET_NAME = "Kraftli Timers Watch App";
				VALIDATE_PRODUCT = YES;
				WATCHOS_DEPLOYMENT_TARGET = 26.2;
			};
			name = Release;
		};
/* End XCBuildConfiguration section */

/* Begin XCConfigurationList section */
		4C3382372EF2FA4700135BD7 /* Build configuration list for PBXProject "Kraftli Timers" */ = {
			isa = XCConfigurationList;
			buildConfigurations = (
				4C3382632EF2FA4800135BD7 /* Debug */,
				4C3382642EF2FA4800135BD7 /* Release */,
			);
			defaultConfigurationIsVisible = 0;
			defaultConfigurationName = Release;
		};
		4C3382602EF2FA4800135BD7 /* Build configuration list for PBXNativeTarget "Kraftli Timers" */ = {
			isa = XCConfigurationList;
			buildConfigurations = (
				4C3382612EF2FA4800135BD7 /* Debug */,
				4C3382622EF2FA4800135BD7 /* Release */,
			);
			defaultConfigurationIsVisible = 0;
			defaultConfigurationName = Release;
		};
		4C3382652EF2FA4800135BD7 /* Build configuration list for PBXNativeTarget "Kraftli TimersTests" */ = {
			isa = XCConfigurationList;
			buildConfigurations = (
				4C3382662EF2FA4800135BD7 /* Debug */,
				4C3382672EF2FA4800135BD7 /* Release */,
			);
			defaultConfigurationIsVisible = 0;
			defaultConfigurationName = Release;
		};
		4C3382682EF2FA4800135BD7 /* Build configuration list for PBXNativeTarget "Kraftli TimersUITests" */ = {
			isa = XCConfigurationList;
			buildConfigurations = (
				4C3382692EF2FA4800135BD7 /* Debug */,
				4C33826A2EF2FA4800135BD7 /* Release */,
			);
			defaultConfigurationIsVisible = 0;
			defaultConfigurationName = Release;
		};
		4C74D6E52F1CE4E7009A425D /* Build configuration list for PBXNativeTarget "Kraftli Timers Watch App" */ = {
			isa = XCConfigurationList;
			buildConfigurations = (
				4C74D6DF2F1CE4E7009A425D /* Debug */,
				4C74D6E02F1CE4E7009A425D /* Release */,
			);
			defaultConfigurationIsVisible = 0;
			defaultConfigurationName = Release;
		};
		4C74D6E62F1CE4E7009A425D /* Build configuration list for PBXNativeTarget "Kraftli Timers Watch AppTests" */ = {
			isa = XCConfigurationList;
			buildConfigurations = (
				4C74D6E12F1CE4E7009A425D /* Debug */,
				4C74D6E22F1CE4E7009A425D /* Release */,
			);
			defaultConfigurationIsVisible = 0;
			defaultConfigurationName = Release;
		};
		4C74D6E72F1CE4E7009A425D /* Build configuration list for PBXNativeTarget "Kraftli Timers Watch AppUITests" */ = {
			isa = XCConfigurationList;
			buildConfigurations = (
				4C74D6E32F1CE4E7009A425D /* Debug */,
				4C74D6E42F1CE4E7009A425D /* Release */,
			);
			defaultConfigurationIsVisible = 0;
			defaultConfigurationName = Release;
		};
/* End XCConfigurationList section */
	};
	rootObject = 4C3382342EF2FA4700135BD7 /* Project object */;
}
